// !$*UTF8*$!
{
	archiveVersion = 1;
	classes = {
	};
	objectVersion = 56;
	objects = {

/* Begin PBXBuildFile section */
		5C0F37812C36F6250055CF50 /* AppDelegate.swift in Sources */ = {isa = PBXBuildFile; fileRef = 5C0F37802C36F6250055CF50 /* AppDelegate.swift */; };
		5C0F37832C36F6250055CF50 /* SceneDelegate.swift in Sources */ = {isa = PBXBuildFile; fileRef = 5C0F37822C36F6250055CF50 /* SceneDelegate.swift */; };
		5C0F37852C36F6250055CF50 /* ImagesListViewController.swift in Sources */ = {isa = PBXBuildFile; fileRef = 5C0F37842C36F6250055CF50 /* ImagesListViewController.swift */; };
		5C0F378A2C36F6270055CF50 /* Assets.xcassets in Resources */ = {isa = PBXBuildFile; fileRef = 5C0F37892C36F6270055CF50 /* Assets.xcassets */; };
		5C0F37B62C3C7B060055CF50 /* ImagesListCell.swift in Sources */ = {isa = PBXBuildFile; fileRef = 5C0F37B52C3C7B060055CF50 /* ImagesListCell.swift */; };
		5C6F3ED22C4D80BB00869340 /* ProfileViewController.swift in Sources */ = {isa = PBXBuildFile; fileRef = 5C6F3ED12C4D80BB00869340 /* ProfileViewController.swift */; };
		5C6F3ED52C4DA29500869340 /* SingleImageViewController.swift in Sources */ = {isa = PBXBuildFile; fileRef = 5C6F3ED42C4DA29500869340 /* SingleImageViewController.swift */; };
		5C80A7AB2C54628600F0FECA /* AuthViewController.swift in Sources */ = {isa = PBXBuildFile; fileRef = 5C80A7AA2C54628600F0FECA /* AuthViewController.swift */; };
		5C80A7AE2C5463CB00F0FECA /* WebViewViewController.swift in Sources */ = {isa = PBXBuildFile; fileRef = 5C80A7AD2C5463CB00F0FECA /* WebViewViewController.swift */; };
		5CABF07A2C4DB0DE007C75A0 /* Main.storyboard in Resources */ = {isa = PBXBuildFile; fileRef = 5C0F37862C36F6250055CF50 /* Main.storyboard */; };
		5CB142022C54540C008F94AB /* Constants.swift in Sources */ = {isa = PBXBuildFile; fileRef = 5CB142012C54540C008F94AB /* Constants.swift */; };
		5CC3D50A2C5597A50079C730 /* WebViewViewControllerDelegate.swift in Sources */ = {isa = PBXBuildFile; fileRef = 5CC3D5092C5597A50079C730 /* WebViewViewControllerDelegate.swift */; };
		5CC3D50C2C5A35450079C730 /* OAuth2Service.swift in Sources */ = {isa = PBXBuildFile; fileRef = 5CC3D50B2C5A35450079C730 /* OAuth2Service.swift */; };
		5CC3D50E2C5A3FD00079C730 /* URLSession+data.swift in Sources */ = {isa = PBXBuildFile; fileRef = 5CC3D50D2C5A3FD00079C730 /* URLSession+data.swift */; };
		5CC3D5102C5A41F40079C730 /* OAuthTokenResponseBody.swift in Sources */ = {isa = PBXBuildFile; fileRef = 5CC3D50F2C5A41F40079C730 /* OAuthTokenResponseBody.swift */; };
		5CC3D5122C5A43F50079C730 /* OAuth2TokenStorage.swift in Sources */ = {isa = PBXBuildFile; fileRef = 5CC3D5112C5A43F50079C730 /* OAuth2TokenStorage.swift */; };
		5CC3D5152C5A46A60079C730 /* AuthViewControllerDelegate.swift in Sources */ = {isa = PBXBuildFile; fileRef = 5CC3D5142C5A46A60079C730 /* AuthViewControllerDelegate.swift */; };
		5CC3D51A2C5A5E5F0079C730 /* SplashViewController.swift in Sources */ = {isa = PBXBuildFile; fileRef = 5CC3D5192C5A5E5F0079C730 /* SplashViewController.swift */; };
/* End PBXBuildFile section */

/* Begin PBXFileReference section */
		5C0F377D2C36F6250055CF50 /* ImageFeed.app */ = {isa = PBXFileReference; explicitFileType = wrapper.application; includeInIndex = 0; path = ImageFeed.app; sourceTree = BUILT_PRODUCTS_DIR; };
		5C0F37802C36F6250055CF50 /* AppDelegate.swift */ = {isa = PBXFileReference; lastKnownFileType = sourcecode.swift; path = AppDelegate.swift; sourceTree = "<group>"; };
		5C0F37822C36F6250055CF50 /* SceneDelegate.swift */ = {isa = PBXFileReference; lastKnownFileType = sourcecode.swift; path = SceneDelegate.swift; sourceTree = "<group>"; };
		5C0F37842C36F6250055CF50 /* ImagesListViewController.swift */ = {isa = PBXFileReference; lastKnownFileType = sourcecode.swift; path = ImagesListViewController.swift; sourceTree = "<group>"; };
		5C0F37872C36F6250055CF50 /* Base */ = {isa = PBXFileReference; lastKnownFileType = file.storyboard; name = Base; path = Base.lproj/Main.storyboard; sourceTree = "<group>"; };
		5C0F37892C36F6270055CF50 /* Assets.xcassets */ = {isa = PBXFileReference; lastKnownFileType = folder.assetcatalog; path = Assets.xcassets; sourceTree = "<group>"; };
		5C0F378C2C36F6270055CF50 /* Base */ = {isa = PBXFileReference; lastKnownFileType = file.storyboard; name = Base; path = Base.lproj/LaunchScreen.storyboard; sourceTree = "<group>"; };
		5C0F378E2C36F6270055CF50 /* Info.plist */ = {isa = PBXFileReference; lastKnownFileType = text.plist.xml; path = Info.plist; sourceTree = "<group>"; };
		5C0F37B52C3C7B060055CF50 /* ImagesListCell.swift */ = {isa = PBXFileReference; lastKnownFileType = sourcecode.swift; path = ImagesListCell.swift; sourceTree = "<group>"; };
		5C6F3ED12C4D80BB00869340 /* ProfileViewController.swift */ = {isa = PBXFileReference; lastKnownFileType = sourcecode.swift; path = ProfileViewController.swift; sourceTree = "<group>"; };
		5C6F3ED42C4DA29500869340 /* SingleImageViewController.swift */ = {isa = PBXFileReference; lastKnownFileType = sourcecode.swift; path = SingleImageViewController.swift; sourceTree = "<group>"; };
		5C80A7AA2C54628600F0FECA /* AuthViewController.swift */ = {isa = PBXFileReference; lastKnownFileType = sourcecode.swift; path = AuthViewController.swift; sourceTree = "<group>"; };
		5C80A7AD2C5463CB00F0FECA /* WebViewViewController.swift */ = {isa = PBXFileReference; lastKnownFileType = sourcecode.swift; path = WebViewViewController.swift; sourceTree = "<group>"; };
		5CB142012C54540C008F94AB /* Constants.swift */ = {isa = PBXFileReference; lastKnownFileType = sourcecode.swift; path = Constants.swift; sourceTree = "<group>"; };
		5CC3D5092C5597A50079C730 /* WebViewViewControllerDelegate.swift */ = {isa = PBXFileReference; lastKnownFileType = sourcecode.swift; path = WebViewViewControllerDelegate.swift; sourceTree = "<group>"; };
		5CC3D50B2C5A35450079C730 /* OAuth2Service.swift */ = {isa = PBXFileReference; lastKnownFileType = sourcecode.swift; path = OAuth2Service.swift; sourceTree = "<group>"; };
		5CC3D50D2C5A3FD00079C730 /* URLSession+data.swift */ = {isa = PBXFileReference; lastKnownFileType = sourcecode.swift; path = "URLSession+data.swift"; sourceTree = "<group>"; };
		5CC3D50F2C5A41F40079C730 /* OAuthTokenResponseBody.swift */ = {isa = PBXFileReference; lastKnownFileType = sourcecode.swift; path = OAuthTokenResponseBody.swift; sourceTree = "<group>"; };
		5CC3D5112C5A43F50079C730 /* OAuth2TokenStorage.swift */ = {isa = PBXFileReference; lastKnownFileType = sourcecode.swift; path = OAuth2TokenStorage.swift; sourceTree = "<group>"; };
		5CC3D5142C5A46A60079C730 /* AuthViewControllerDelegate.swift */ = {isa = PBXFileReference; lastKnownFileType = sourcecode.swift; path = AuthViewControllerDelegate.swift; sourceTree = "<group>"; };
		5CC3D5192C5A5E5F0079C730 /* SplashViewController.swift */ = {isa = PBXFileReference; lastKnownFileType = sourcecode.swift; path = SplashViewController.swift; sourceTree = "<group>"; };
/* End PBXFileReference section */

/* Begin PBXFrameworksBuildPhase section */
		5C0F377A2C36F6250055CF50 /* Frameworks */ = {
			isa = PBXFrameworksBuildPhase;
			buildActionMask = 2147483647;
			files = (
			);
			runOnlyForDeploymentPostprocessing = 0;
		};
/* End PBXFrameworksBuildPhase section */

/* Begin PBXGroup section */
		5C0F37742C36F6250055CF50 = {
			isa = PBXGroup;
			children = (
				5C0F377F2C36F6250055CF50 /* ImageFeed */,
				5C0F377E2C36F6250055CF50 /* Products */,
			);
			sourceTree = "<group>";
		};
		5C0F377E2C36F6250055CF50 /* Products */ = {
			isa = PBXGroup;
			children = (
				5C0F377D2C36F6250055CF50 /* ImageFeed.app */,
			);
			name = Products;
			sourceTree = "<group>";
		};
		5C0F377F2C36F6250055CF50 /* ImageFeed */ = {
			isa = PBXGroup;
			children = (
				5C0F37802C36F6250055CF50 /* AppDelegate.swift */,
				5C0F37822C36F6250055CF50 /* SceneDelegate.swift */,
				5CB142012C54540C008F94AB /* Constants.swift */,
				5C80A7AC2C54634500F0FECA /* Auth */,
				5C6F3ED32C4D8A1800869340 /* Profile */,
				5CC3D5132C5A46880079C730 /* Protocols */,
				5CC3D5182C5A5E510079C730 /* SplashViewController */,
				5C6F3ED62C4DA56100869340 /* SingleImageView */,
				5C0F37B72C3C7B550055CF50 /* ImageList */,
				5C0F37892C36F6270055CF50 /* Assets.xcassets */,
				5C0F37862C36F6250055CF50 /* Main.storyboard */,
				5C0F378B2C36F6270055CF50 /* LaunchScreen.storyboard */,
				5C0F378E2C36F6270055CF50 /* Info.plist */,
			);
			path = ImageFeed;
			sourceTree = "<group>";
		};
		5C0F37B72C3C7B550055CF50 /* ImageList */ = {
			isa = PBXGroup;
			children = (
				5C0F37842C36F6250055CF50 /* ImagesListViewController.swift */,
				5C0F37B52C3C7B060055CF50 /* ImagesListCell.swift */,
			);
			path = ImageList;
			sourceTree = "<group>";
		};
		5C6F3ED32C4D8A1800869340 /* Profile */ = {
			isa = PBXGroup;
			children = (
				5C6F3ED12C4D80BB00869340 /* ProfileViewController.swift */,
			);
			path = Profile;
			sourceTree = "<group>";
		};
		5C6F3ED62C4DA56100869340 /* SingleImageView */ = {
			isa = PBXGroup;
			children = (
				5C6F3ED42C4DA29500869340 /* SingleImageViewController.swift */,
			);
			path = SingleImageView;
			sourceTree = "<group>";
		};
		5C80A7AC2C54634500F0FECA /* Auth */ = {
			isa = PBXGroup;
			children = (
				5C80A7AA2C54628600F0FECA /* AuthViewController.swift */,
				5C80A7AD2C5463CB00F0FECA /* WebViewViewController.swift */,
				5CC3D50B2C5A35450079C730 /* OAuth2Service.swift */,
				5CC3D50F2C5A41F40079C730 /* OAuthTokenResponseBody.swift */,
				5CC3D5112C5A43F50079C730 /* OAuth2TokenStorage.swift */,
				5CC3D50D2C5A3FD00079C730 /* URLSession+data.swift */,
			);
			path = Auth;
			sourceTree = "<group>";
		};
		5CC3D5132C5A46880079C730 /* Protocols */ = {
			isa = PBXGroup;
			children = (
				5CC3D5142C5A46A60079C730 /* AuthViewControllerDelegate.swift */,
				5CC3D5092C5597A50079C730 /* WebViewViewControllerDelegate.swift */,
			);
			path = Protocols;
			sourceTree = "<group>";
		};
		5CC3D5182C5A5E510079C730 /* SplashViewController */ = {
			isa = PBXGroup;
			children = (
				5CC3D5192C5A5E5F0079C730 /* SplashViewController.swift */,
			);
			path = SplashViewController;
			sourceTree = "<group>";
		};
/* End PBXGroup section */

/* Begin PBXNativeTarget section */
		5C0F377C2C36F6250055CF50 /* ImageFeed */ = {
			isa = PBXNativeTarget;
			buildConfigurationList = 5C0F37912C36F6270055CF50 /* Build configuration list for PBXNativeTarget "ImageFeed" */;
			buildPhases = (
				5C0F37792C36F6250055CF50 /* Sources */,
				5C0F377A2C36F6250055CF50 /* Frameworks */,
				5C0F377B2C36F6250055CF50 /* Resources */,
				5C0F37B42C3C71630055CF50 /* ShellScript */,
			);
			buildRules = (
			);
			dependencies = (
			);
			name = ImageFeed;
			productName = ImageFeed;
			productReference = 5C0F377D2C36F6250055CF50 /* ImageFeed.app */;
			productType = "com.apple.product-type.application";
		};
/* End PBXNativeTarget section */

/* Begin PBXProject section */
		5C0F37752C36F6250055CF50 /* Project object */ = {
			isa = PBXProject;
			attributes = {
				BuildIndependentTargetsInParallel = 1;
				LastSwiftUpdateCheck = 1540;
				LastUpgradeCheck = 1540;
				TargetAttributes = {
					5C0F377C2C36F6250055CF50 = {
						CreatedOnToolsVersion = 15.4;
					};
				};
			};
			buildConfigurationList = 5C0F37782C36F6250055CF50 /* Build configuration list for PBXProject "ImageFeed" */;
			compatibilityVersion = "Xcode 14.0";
			developmentRegion = en;
			hasScannedForEncodings = 0;
			knownRegions = (
				en,
				Base,
			);
			mainGroup = 5C0F37742C36F6250055CF50;
			productRefGroup = 5C0F377E2C36F6250055CF50 /* Products */;
			projectDirPath = "";
			projectRoot = "";
			targets = (
				5C0F377C2C36F6250055CF50 /* ImageFeed */,
			);
		};
/* End PBXProject section */

/* Begin PBXResourcesBuildPhase section */
		5C0F377B2C36F6250055CF50 /* Resources */ = {
			isa = PBXResourcesBuildPhase;
			buildActionMask = 2147483647;
			files = (
				5C0F378A2C36F6270055CF50 /* Assets.xcassets in Resources */,
				5CABF07A2C4DB0DE007C75A0 /* Main.storyboard in Resources */,
			);
			runOnlyForDeploymentPostprocessing = 0;
		};
/* End PBXResourcesBuildPhase section */

/* Begin PBXShellScriptBuildPhase section */
		5C0F37B42C3C71630055CF50 /* ShellScript */ = {
			isa = PBXShellScriptBuildPhase;
			buildActionMask = 8;
			files = (
			);
			inputFileListPaths = (
			);
			inputPaths = (
			);
			outputFileListPaths = (
			);
			outputPaths = (
			);
			runOnlyForDeploymentPostprocessing = 1;
			shellPath = /bin/sh;
			shellScript = "if which swiftlint >/dev/null; then\n  swiftlint\nelse\n  echo \"error: SwiftLint does not exist, download it from https://github.com/realm/SwiftLint\"\n  exit 1\nfi\n";
		};
/* End PBXShellScriptBuildPhase section */

/* Begin PBXSourcesBuildPhase section */
		5C0F37792C36F6250055CF50 /* Sources */ = {
			isa = PBXSourcesBuildPhase;
			buildActionMask = 2147483647;
			files = (
				5C0F37852C36F6250055CF50 /* ImagesListViewController.swift in Sources */,
				5CC3D50A2C5597A50079C730 /* WebViewViewControllerDelegate.swift in Sources */,
				5C0F37B62C3C7B060055CF50 /* ImagesListCell.swift in Sources */,
				5CC3D5152C5A46A60079C730 /* AuthViewControllerDelegate.swift in Sources */,
				5C6F3ED22C4D80BB00869340 /* ProfileViewController.swift in Sources */,
				5CC3D50C2C5A35450079C730 /* OAuth2Service.swift in Sources */,
				5CC3D5102C5A41F40079C730 /* OAuthTokenResponseBody.swift in Sources */,
				5CC3D5122C5A43F50079C730 /* OAuth2TokenStorage.swift in Sources */,
				5C0F37812C36F6250055CF50 /* AppDelegate.swift in Sources */,
				5C80A7AB2C54628600F0FECA /* AuthViewController.swift in Sources */,
				5CB142022C54540C008F94AB /* Constants.swift in Sources */,
				5CC3D50E2C5A3FD00079C730 /* URLSession+data.swift in Sources */,
				5C6F3ED52C4DA29500869340 /* SingleImageViewController.swift in Sources */,
				5C80A7AE2C5463CB00F0FECA /* WebViewViewController.swift in Sources */,
				5C0F37832C36F6250055CF50 /* SceneDelegate.swift in Sources */,
				5CC3D51A2C5A5E5F0079C730 /* SplashViewController.swift in Sources */,
			);
			runOnlyForDeploymentPostprocessing = 0;
		};
/* End PBXSourcesBuildPhase section */

/* Begin PBXVariantGroup section */
		5C0F37862C36F6250055CF50 /* Main.storyboard */ = {
			isa = PBXVariantGroup;
			children = (
				5C0F37872C36F6250055CF50 /* Base */,
			);
			name = Main.storyboard;
			sourceTree = "<group>";
		};
		5C0F378B2C36F6270055CF50 /* LaunchScreen.storyboard */ = {
			isa = PBXVariantGroup;
			children = (
				5C0F378C2C36F6270055CF50 /* Base */,
			);
			name = LaunchScreen.storyboard;
			sourceTree = "<group>";
		};
/* End PBXVariantGroup section */

/* Begin XCBuildConfiguration section */
		5C0F378F2C36F6270055CF50 /* Debug */ = {
			isa = XCBuildConfiguration;
			buildSettings = {
				ALWAYS_SEARCH_USER_PATHS = NO;
				ASSETCATALOG_COMPILER_GENERATE_SWIFT_ASSET_SYMBOL_EXTENSIONS = YES;
				CLANG_ANALYZER_NONNULL = YES;
				CLANG_ANALYZER_NUMBER_OBJECT_CONVERSION = YES_AGGRESSIVE;
				CLANG_CXX_LANGUAGE_STANDARD = "gnu++20";
				CLANG_ENABLE_MODULES = YES;
				CLANG_ENABLE_OBJC_ARC = YES;
				CLANG_ENABLE_OBJC_WEAK = YES;
				CLANG_WARN_BLOCK_CAPTURE_AUTORELEASING = YES;
				CLANG_WARN_BOOL_CONVERSION = YES;
				CLANG_WARN_COMMA = YES;
				CLANG_WARN_CONSTANT_CONVERSION = YES;
				CLANG_WARN_DEPRECATED_OBJC_IMPLEMENTATIONS = YES;
				CLANG_WARN_DIRECT_OBJC_ISA_USAGE = YES_ERROR;
				CLANG_WARN_DOCUMENTATION_COMMENTS = YES;
				CLANG_WARN_EMPTY_BODY = YES;
				CLANG_WARN_ENUM_CONVERSION = YES;
				CLANG_WARN_INFINITE_RECURSION = YES;
				CLANG_WARN_INT_CONVERSION = YES;
				CLANG_WARN_NON_LITERAL_NULL_CONVERSION = YES;
				CLANG_WARN_OBJC_IMPLICIT_RETAIN_SELF = YES;
				CLANG_WARN_OBJC_LITERAL_CONVERSION = YES;
				CLANG_WARN_OBJC_ROOT_CLASS = YES_ERROR;
				CLANG_WARN_QUOTED_INCLUDE_IN_FRAMEWORK_HEADER = YES;
				CLANG_WARN_RANGE_LOOP_ANALYSIS = YES;
				CLANG_WARN_STRICT_PROTOTYPES = YES;
				CLANG_WARN_SUSPICIOUS_MOVE = YES;
				CLANG_WARN_UNGUARDED_AVAILABILITY = YES_AGGRESSIVE;
				CLANG_WARN_UNREACHABLE_CODE = YES;
				CLANG_WARN__DUPLICATE_METHOD_MATCH = YES;
				COPY_PHASE_STRIP = NO;
				DEBUG_INFORMATION_FORMAT = dwarf;
				ENABLE_STRICT_OBJC_MSGSEND = YES;
				ENABLE_TESTABILITY = YES;
				ENABLE_USER_SCRIPT_SANDBOXING = YES;
				GCC_C_LANGUAGE_STANDARD = gnu17;
				GCC_DYNAMIC_NO_PIC = NO;
				GCC_NO_COMMON_BLOCKS = YES;
				GCC_OPTIMIZATION_LEVEL = 0;
				GCC_PREPROCESSOR_DEFINITIONS = (
					"DEBUG=1",
					"$(inherited)",
				);
				GCC_WARN_64_TO_32_BIT_CONVERSION = YES;
				GCC_WARN_ABOUT_RETURN_TYPE = YES_ERROR;
				GCC_WARN_UNDECLARED_SELECTOR = YES;
				GCC_WARN_UNINITIALIZED_AUTOS = YES_AGGRESSIVE;
				GCC_WARN_UNUSED_FUNCTION = YES;
				GCC_WARN_UNUSED_VARIABLE = YES;
				IPHONEOS_DEPLOYMENT_TARGET = 17.5;
				LOCALIZATION_PREFERS_STRING_CATALOGS = YES;
				MTL_ENABLE_DEBUG_INFO = INCLUDE_SOURCE;
				MTL_FAST_MATH = YES;
				ONLY_ACTIVE_ARCH = YES;
				SDKROOT = iphoneos;
				SWIFT_ACTIVE_COMPILATION_CONDITIONS = "DEBUG $(inherited)";
				SWIFT_OPTIMIZATION_LEVEL = "-Onone";
			};
			name = Debug;
		};
		5C0F37902C36F6270055CF50 /* Release */ = {
			isa = XCBuildConfiguration;
			buildSettings = {
				ALWAYS_SEARCH_USER_PATHS = NO;
				ASSETCATALOG_COMPILER_GENERATE_SWIFT_ASSET_SYMBOL_EXTENSIONS = YES;
				CLANG_ANALYZER_NONNULL = YES;
				CLANG_ANALYZER_NUMBER_OBJECT_CONVERSION = YES_AGGRESSIVE;
				CLANG_CXX_LANGUAGE_STANDARD = "gnu++20";
				CLANG_ENABLE_MODULES = YES;
				CLANG_ENABLE_OBJC_ARC = YES;
				CLANG_ENABLE_OBJC_WEAK = YES;
				CLANG_WARN_BLOCK_CAPTURE_AUTORELEASING = YES;
				CLANG_WARN_BOOL_CONVERSION = YES;
				CLANG_WARN_COMMA = YES;
				CLANG_WARN_CONSTANT_CONVERSION = YES;
				CLANG_WARN_DEPRECATED_OBJC_IMPLEMENTATIONS = YES;
				CLANG_WARN_DIRECT_OBJC_ISA_USAGE = YES_ERROR;
				CLANG_WARN_DOCUMENTATION_COMMENTS = YES;
				CLANG_WARN_EMPTY_BODY = YES;
				CLANG_WARN_ENUM_CONVERSION = YES;
				CLANG_WARN_INFINITE_RECURSION = YES;
				CLANG_WARN_INT_CONVERSION = YES;
				CLANG_WARN_NON_LITERAL_NULL_CONVERSION = YES;
				CLANG_WARN_OBJC_IMPLICIT_RETAIN_SELF = YES;
				CLANG_WARN_OBJC_LITERAL_CONVERSION = YES;
				CLANG_WARN_OBJC_ROOT_CLASS = YES_ERROR;
				CLANG_WARN_QUOTED_INCLUDE_IN_FRAMEWORK_HEADER = YES;
				CLANG_WARN_RANGE_LOOP_ANALYSIS = YES;
				CLANG_WARN_STRICT_PROTOTYPES = YES;
				CLANG_WARN_SUSPICIOUS_MOVE = YES;
				CLANG_WARN_UNGUARDED_AVAILABILITY = YES_AGGRESSIVE;
				CLANG_WARN_UNREACHABLE_CODE = YES;
				CLANG_WARN__DUPLICATE_METHOD_MATCH = YES;
				COPY_PHASE_STRIP = NO;
				DEBUG_INFORMATION_FORMAT = "dwarf-with-dsym";
				ENABLE_NS_ASSERTIONS = NO;
				ENABLE_STRICT_OBJC_MSGSEND = YES;
				ENABLE_USER_SCRIPT_SANDBOXING = YES;
				GCC_C_LANGUAGE_STANDARD = gnu17;
				GCC_NO_COMMON_BLOCKS = YES;
				GCC_WARN_64_TO_32_BIT_CONVERSION = YES;
				GCC_WARN_ABOUT_RETURN_TYPE = YES_ERROR;
				GCC_WARN_UNDECLARED_SELECTOR = YES;
				GCC_WARN_UNINITIALIZED_AUTOS = YES_AGGRESSIVE;
				GCC_WARN_UNUSED_FUNCTION = YES;
				GCC_WARN_UNUSED_VARIABLE = YES;
				IPHONEOS_DEPLOYMENT_TARGET = 17.5;
				LOCALIZATION_PREFERS_STRING_CATALOGS = YES;
				MTL_ENABLE_DEBUG_INFO = NO;
				MTL_FAST_MATH = YES;
				SDKROOT = iphoneos;
				SWIFT_COMPILATION_MODE = wholemodule;
				VALIDATE_PRODUCT = YES;
			};
			name = Release;
		};
		5C0F37922C36F6270055CF50 /* Debug */ = {
			isa = XCBuildConfiguration;
			buildSettings = {
				ASSETCATALOG_COMPILER_APPICON_NAME = AppIcon;
				ASSETCATALOG_COMPILER_GLOBAL_ACCENT_COLOR_NAME = AccentColor;
				CODE_SIGN_STYLE = Automatic;
				CURRENT_PROJECT_VERSION = 1;
				DEVELOPMENT_TEAM = S9R46RVYHA;
				GENERATE_INFOPLIST_FILE = YES;
				INFOPLIST_FILE = ImageFeed/Info.plist;
				INFOPLIST_KEY_UIApplicationSupportsIndirectInputEvents = YES;
				INFOPLIST_KEY_UILaunchStoryboardName = LaunchScreen;
				INFOPLIST_KEY_UIMainStoryboardFile = Main;
				INFOPLIST_KEY_UISupportedInterfaceOrientations_iPhone = "";
				IPHONEOS_DEPLOYMENT_TARGET = 13.0;
				LD_RUNPATH_SEARCH_PATHS = (
					"$(inherited)",
					"@executable_path/Frameworks",
				);
				MARKETING_VERSION = 1.0;
				PRODUCT_BUNDLE_IDENTIFIER = ru.yandex.practicum.ImageFeed;
				PRODUCT_NAME = "$(TARGET_NAME)";
				SWIFT_EMIT_LOC_STRINGS = YES;
				SWIFT_VERSION = 5.0;
				TARGETED_DEVICE_FAMILY = 1;
			};
			name = Debug;
		};
		5C0F37932C36F6270055CF50 /* Release */ = {
			isa = XCBuildConfiguration;
			buildSettings = {
				ASSETCATALOG_COMPILER_APPICON_NAME = AppIcon;
				ASSETCATALOG_COMPILER_GLOBAL_ACCENT_COLOR_NAME = AccentColor;
				CODE_SIGN_STYLE = Automatic;
				CURRENT_PROJECT_VERSION = 1;
				DEVELOPMENT_TEAM = S9R46RVYHA;
				GENERATE_INFOPLIST_FILE = YES;
				INFOPLIST_FILE = ImageFeed/Info.plist;
				INFOPLIST_KEY_UIApplicationSupportsIndirectInputEvents = YES;
				INFOPLIST_KEY_UILaunchStoryboardName = LaunchScreen;
				INFOPLIST_KEY_UIMainStoryboardFile = Main;
				INFOPLIST_KEY_UISupportedInterfaceOrientations_iPhone = "";
				IPHONEOS_DEPLOYMENT_TARGET = 13.0;
				LD_RUNPATH_SEARCH_PATHS = (
					"$(inherited)",
					"@executable_path/Frameworks",
				);
				MARKETING_VERSION = 1.0;
				PRODUCT_BUNDLE_IDENTIFIER = ru.yandex.practicum.ImageFeed;
				PRODUCT_NAME = "$(TARGET_NAME)";
				SWIFT_EMIT_LOC_STRINGS = YES;
				SWIFT_VERSION = 5.0;
				TARGETED_DEVICE_FAMILY = 1;
			};
			name = Release;
		};
/* End XCBuildConfiguration section */

/* Begin XCConfigurationList section */
		5C0F37782C36F6250055CF50 /* Build configuration list for PBXProject "ImageFeed" */ = {
			isa = XCConfigurationList;
			buildConfigurations = (
				5C0F378F2C36F6270055CF50 /* Debug */,
				5C0F37902C36F6270055CF50 /* Release */,
			);
			defaultConfigurationIsVisible = 0;
			defaultConfigurationName = Release;
		};
		5C0F37912C36F6270055CF50 /* Build configuration list for PBXNativeTarget "ImageFeed" */ = {
			isa = XCConfigurationList;
			buildConfigurations = (
				5C0F37922C36F6270055CF50 /* Debug */,
				5C0F37932C36F6270055CF50 /* Release */,
			);
			defaultConfigurationIsVisible = 0;
			defaultConfigurationName = Release;
		};
/* End XCConfigurationList section */
	};
	rootObject = 5C0F37752C36F6250055CF50 /* Project object */;
}
